
Microsoft Visual Studio Solution File, Format Version 12.00
# Visual Studio Version 16
VisualStudioVersion = 16.0.30320.27
MinimumVisualStudioVersion = 10.0.40219.1
Project("{8BC9CEB8-8B4A-11D0-8D11-00A0C91BC942}") = "micro-base", "micro-base\micro-base.vcxproj", "{C518B453-7D8A-47D1-A868-9B71B67D63AE}"
EndProject
Global
	GlobalSection(SolutionConfigurationPlatforms) = preSolution
		dbg|x64 = dbg|x64
		dbg|x86 = dbg|x86
		rel|x64 = rel|x64
		rel|x86 = rel|x86
	EndGlobalSection
	GlobalSection(ProjectConfigurationPlatforms) = postSolution
		{C518B453-7D8A-47D1-A868-9B71B67D63AE}.dbg|x64.ActiveCfg = dbg|x64
		{C518B453-7D8A-47D1-A868-9B71B67D63AE}.dbg|x64.Build.0 = dbg|x64
		{C518B453-7D8A-47D1-A868-9B71B67D63AE}.dbg|x86.ActiveCfg = dbg|Win32
		{C518B453-7D8A-47D1-A868-9B71B67D63AE}.dbg|x86.Build.0 = dbg|Win32
		{C518B453-7D8A-47D1-A868-9B71B67D63AE}.rel|x64.ActiveCfg = rel|x64
		{C518B453-7D8A-47D1-A868-9B71B67D63AE}.rel|x64.Build.0 = rel|x64
		{C518B453-7D8A-47D1-A868-9B71B67D63AE}.rel|x86.ActiveCfg = rel|Win32
		{C518B453-7D8A-47D1-A868-9B71B67D63AE}.rel|x86.Build.0 = rel|Win32
	EndGlobalSection
	GlobalSection(SolutionProperties) = preSolution
		HideSolutionNode = FALSE
	EndGlobalSection
	GlobalSection(ExtensibilityGlobals) = postSolution
		SolutionGuid = {57539159-1973-44E4-8113-990A97D4668D}
	EndGlobalSection
EndGlobal
